// !$*UTF8*$!
{
	archiveVersion = 1;
	classes = {
	};
	objectVersion = 56;
	objects = {

/* Begin PBXBuildFile section */
		260722622AF9210600C8751E /* Tax_CalculatorApp.swift in Sources */ = {isa = PBXBuildFile; fileRef = 260722612AF9210600C8751E /* Tax_CalculatorApp.swift */; };
		260722642AF9210600C8751E /* ContentView.swift in Sources */ = {isa = PBXBuildFile; fileRef = 260722632AF9210600C8751E /* ContentView.swift */; };
		260722662AF9210600C8751E /* Assets.xcassets in Resources */ = {isa = PBXBuildFile; fileRef = 260722652AF9210600C8751E /* Assets.xcassets */; };
		260722692AF9210600C8751E /* Preview Assets.xcassets in Resources */ = {isa = PBXBuildFile; fileRef = 260722682AF9210600C8751E /* Preview Assets.xcassets */; };
		260722732AF9210600C8751E /* Tax_CalculatorTests.swift in Sources */ = {isa = PBXBuildFile; fileRef = 260722722AF9210600C8751E /* Tax_CalculatorTests.swift */; };
		2607227D2AF9210600C8751E /* Tax_CalculatorUITests.swift in Sources */ = {isa = PBXBuildFile; fileRef = 2607227C2AF9210600C8751E /* Tax_CalculatorUITests.swift */; };
		2607227F2AF9210600C8751E /* Tax_CalculatorUITestsLaunchTests.swift in Sources */ = {isa = PBXBuildFile; fileRef = 2607227E2AF9210600C8751E /* Tax_CalculatorUITestsLaunchTests.swift */; };
/* End PBXBuildFile section */

/* Begin PBXContainerItemProxy section */
		2607226F2AF9210600C8751E /* PBXContainerItemProxy */ = {
			isa = PBXContainerItemProxy;
			containerPortal = 260722562AF9210600C8751E /* Project object */;
			proxyType = 1;
			remoteGlobalIDString = 2607225D2AF9210600C8751E;
			remoteInfo = "Tax Calculator";
		};
		260722792AF9210600C8751E /* PBXContainerItemProxy */ = {
			isa = PBXContainerItemProxy;
			containerPortal = 260722562AF9210600C8751E /* Project object */;
			proxyType = 1;
			remoteGlobalIDString = 2607225D2AF9210600C8751E;
			remoteInfo = "Tax Calculator";
		};
/* End PBXContainerItemProxy section */

/* Begin PBXFileReference section */
		2607225E2AF9210600C8751E /* Tax Calculator.app */ = {isa = PBXFileReference; explicitFileType = wrapper.application; includeInIndex = 0; path = "Tax Calculator.app"; sourceTree = BUILT_PRODUCTS_DIR; };
		260722612AF9210600C8751E /* Tax_CalculatorApp.swift */ = {isa = PBXFileReference; lastKnownFileType = sourcecode.swift; path = Tax_CalculatorApp.swift; sourceTree = "<group>"; };
		260722632AF9210600C8751E /* ContentView.swift */ = {isa = PBXFileReference; lastKnownFileType = sourcecode.swift; path = ContentView.swift; sourceTree = "<group>"; };
		260722652AF9210600C8751E /* Assets.xcassets */ = {isa = PBXFileReference; lastKnownFileType = folder.assetcatalog; path = Assets.xcassets; sourceTree = "<group>"; };
		260722682AF9210600C8751E /* Preview Assets.xcassets */ = {isa = PBXFileReference; lastKnownFileType = folder.assetcatalog; path = "Preview Assets.xcassets"; sourceTree = "<group>"; };
		2607226E2AF9210600C8751E /* Tax CalculatorTests.xctest */ = {isa = PBXFileReference; explicitFileType = wrapper.cfbundle; includeInIndex = 0; path = "Tax CalculatorTests.xctest"; sourceTree = BUILT_PRODUCTS_DIR; };
		260722722AF9210600C8751E /* Tax_CalculatorTests.swift */ = {isa = PBXFileReference; lastKnownFileType = sourcecode.swift; path = Tax_CalculatorTests.swift; sourceTree = "<group>"; };
		260722782AF9210600C8751E /* Tax CalculatorUITests.xctest */ = {isa = PBXFileReference; explicitFileType = wrapper.cfbundle; includeInIndex = 0; path = "Tax CalculatorUITests.xctest"; sourceTree = BUILT_PRODUCTS_DIR; };
		2607227C2AF9210600C8751E /* Tax_CalculatorUITests.swift */ = {isa = PBXFileReference; lastKnownFileType = sourcecode.swift; path = Tax_CalculatorUITests.swift; sourceTree = "<group>"; };
		2607227E2AF9210600C8751E /* Tax_CalculatorUITestsLaunchTests.swift */ = {isa = PBXFileReference; lastKnownFileType = sourcecode.swift; path = Tax_CalculatorUITestsLaunchTests.swift; sourceTree = "<group>"; };
/* End PBXFileReference section */

/* Begin PBXFrameworksBuildPhase section */
		2607225B2AF9210600C8751E /* Frameworks */ = {
			isa = PBXFrameworksBuildPhase;
			buildActionMask = 2147483647;
			files = (
			);
			runOnlyForDeploymentPostprocessing = 0;
		};
		2607226B2AF9210600C8751E /* Frameworks */ = {
			isa = PBXFrameworksBuildPhase;
			buildActionMask = 2147483647;
			files = (
			);
			runOnlyForDeploymentPostprocessing = 0;
		};
		260722752AF9210600C8751E /* Frameworks */ = {
			isa = PBXFrameworksBuildPhase;
			buildActionMask = 2147483647;
			files = (
			);
			runOnlyForDeploymentPostprocessing = 0;
		};
/* End PBXFrameworksBuildPhase section */

/* Begin PBXGroup section */
		260722552AF9210600C8751E = {
			isa = PBXGroup;
			children = (
				260722602AF9210600C8751E /* Tax Calculator */,
				260722712AF9210600C8751E /* Tax CalculatorTests */,
				2607227B2AF9210600C8751E /* Tax CalculatorUITests */,
				2607225F2AF9210600C8751E /* Products */,
			);
			sourceTree = "<group>";
		};
		2607225F2AF9210600C8751E /* Products */ = {
			isa = PBXGroup;
			children = (
				2607225E2AF9210600C8751E /* Tax Calculator.app */,
				2607226E2AF9210600C8751E /* Tax CalculatorTests.xctest */,
				260722782AF9210600C8751E /* Tax CalculatorUITests.xctest */,
			);
			name = Products;
			sourceTree = "<group>";
		};
		260722602AF9210600C8751E /* Tax Calculator */ = {
			isa = PBXGroup;
			children = (
				260722612AF9210600C8751E /* Tax_CalculatorApp.swift */,
				260722632AF9210600C8751E /* ContentView.swift */,
				260722652AF9210600C8751E /* Assets.xcassets */,
				260722672AF9210600C8751E /* Preview Content */,
			);
			path = "Tax Calculator";
			sourceTree = "<group>";
		};
		260722672AF9210600C8751E /* Preview Content */ = {
			isa = PBXGroup;
			children = (
				260722682AF9210600C8751E /* Preview Assets.xcassets */,
			);
			path = "Preview Content";
			sourceTree = "<group>";
		};
		260722712AF9210600C8751E /* Tax CalculatorTests */ = {
			isa = PBXGroup;
			children = (
				260722722AF9210600C8751E /* Tax_CalculatorTests.swift */,
			);
			path = "Tax CalculatorTests";
			sourceTree = "<group>";
		};
		2607227B2AF9210600C8751E /* Tax CalculatorUITests */ = {
			isa = PBXGroup;
			children = (
				2607227C2AF9210600C8751E /* Tax_CalculatorUITests.swift */,
				2607227E2AF9210600C8751E /* Tax_CalculatorUITestsLaunchTests.swift */,
			);
			path = "Tax CalculatorUITests";
			sourceTree = "<group>";
		};
/* End PBXGroup section */

/* Begin PBXNativeTarget section */
		2607225D2AF9210600C8751E /* Tax Calculator */ = {
			isa = PBXNativeTarget;
			buildConfigurationList = 260722822AF9210600C8751E /* Build configuration list for PBXNativeTarget "Tax Calculator" */;
			buildPhases = (
				2607225A2AF9210600C8751E /* Sources */,
				2607225B2AF9210600C8751E /* Frameworks */,
				2607225C2AF9210600C8751E /* Resources */,
			);
			buildRules = (
			);
			dependencies = (
			);
			name = "Tax Calculator";
			productName = "Tax Calculator";
			productReference = 2607225E2AF9210600C8751E /* Tax Calculator.app */;
			productType = "com.apple.product-type.application";
		};
		2607226D2AF9210600C8751E /* Tax CalculatorTests */ = {
			isa = PBXNativeTarget;
			buildConfigurationList = 260722852AF9210600C8751E /* Build configuration list for PBXNativeTarget "Tax CalculatorTests" */;
			buildPhases = (
				2607226A2AF9210600C8751E /* Sources */,
				2607226B2AF9210600C8751E /* Frameworks */,
				2607226C2AF9210600C8751E /* Resources */,
			);
			buildRules = (
			);
			dependencies = (
				260722702AF9210600C8751E /* PBXTargetDependency */,
			);
			name = "Tax CalculatorTests";
			productName = "Tax CalculatorTests";
			productReference = 2607226E2AF9210600C8751E /* Tax CalculatorTests.xctest */;
			productType = "com.apple.product-type.bundle.unit-test";
		};
		260722772AF9210600C8751E /* Tax CalculatorUITests */ = {
			isa = PBXNativeTarget;
			buildConfigurationList = 260722882AF9210600C8751E /* Build configuration list for PBXNativeTarget "Tax CalculatorUITests" */;
			buildPhases = (
				260722742AF9210600C8751E /* Sources */,
				260722752AF9210600C8751E /* Frameworks */,
				260722762AF9210600C8751E /* Resources */,
			);
			buildRules = (
			);
			dependencies = (
				2607227A2AF9210600C8751E /* PBXTargetDependency */,
			);
			name = "Tax CalculatorUITests";
			productName = "Tax CalculatorUITests";
			productReference = 260722782AF9210600C8751E /* Tax CalculatorUITests.xctest */;
			productType = "com.apple.product-type.bundle.ui-testing";
		};
/* End PBXNativeTarget section */

/* Begin PBXProject section */
		260722562AF9210600C8751E /* Project object */ = {
			isa = PBXProject;
			attributes = {
				BuildIndependentTargetsInParallel = 1;
				LastSwiftUpdateCheck = 1500;
				LastUpgradeCheck = 1500;
				TargetAttributes = {
					2607225D2AF9210600C8751E = {
						CreatedOnToolsVersion = 15.0;
					};
					2607226D2AF9210600C8751E = {
						CreatedOnToolsVersion = 15.0;
						TestTargetID = 2607225D2AF9210600C8751E;
					};
					260722772AF9210600C8751E = {
						CreatedOnToolsVersion = 15.0;
						TestTargetID = 2607225D2AF9210600C8751E;
					};
				};
			};
			buildConfigurationList = 260722592AF9210600C8751E /* Build configuration list for PBXProject "Tax Calculator" */;
			compatibilityVersion = "Xcode 14.0";
			developmentRegion = en;
			hasScannedForEncodings = 0;
			knownRegions = (
				en,
				Base,
			);
			mainGroup = 260722552AF9210600C8751E;
			productRefGroup = 2607225F2AF9210600C8751E /* Products */;
			projectDirPath = "";
			projectRoot = "";
			targets = (
				2607225D2AF9210600C8751E /* Tax Calculator */,
				2607226D2AF9210600C8751E /* Tax CalculatorTests */,
				260722772AF9210600C8751E /* Tax CalculatorUITests */,
			);
		};
/* End PBXProject section */

/* Begin PBXResourcesBuildPhase section */
		2607225C2AF9210600C8751E /* Resources */ = {
			isa = PBXResourcesBuildPhase;
			buildActionMask = 2147483647;
			files = (
				260722692AF9210600C8751E /* Preview Assets.xcassets in Resources */,
				260722662AF9210600C8751E /* Assets.xcassets in Resources */,
			);
			runOnlyForDeploymentPostprocessing = 0;
		};
		2607226C2AF9210600C8751E /* Resources */ = {
			isa = PBXResourcesBuildPhase;
			buildActionMask = 2147483647;
			files = (
			);
			runOnlyForDeploymentPostprocessing = 0;
		};
		260722762AF9210600C8751E /* Resources */ = {
			isa = PBXResourcesBuildPhase;
			buildActionMask = 2147483647;
			files = (
			);
			runOnlyForDeploymentPostprocessing = 0;
		};
/* End PBXResourcesBuildPhase section */

/* Begin PBXSourcesBuildPhase section */
		2607225A2AF9210600C8751E /* Sources */ = {
			isa = PBXSourcesBuildPhase;
			buildActionMask = 2147483647;
			files = (
				260722642AF9210600C8751E /* ContentView.swift in Sources */,
				260722622AF9210600C8751E /* Tax_CalculatorApp.swift in Sources */,
			);
			runOnlyForDeploymentPostprocessing = 0;
		};
		2607226A2AF9210600C8751E /* Sources */ = {
			isa = PBXSourcesBuildPhase;
			buildActionMask = 2147483647;
			files = (
				260722732AF9210600C8751E /* Tax_CalculatorTests.swift in Sources */,
			);
			runOnlyForDeploymentPostprocessing = 0;
		};
		260722742AF9210600C8751E /* Sources */ = {
			isa = PBXSourcesBuildPhase;
			buildActionMask = 2147483647;
			files = (
				2607227F2AF9210600C8751E /* Tax_CalculatorUITestsLaunchTests.swift in Sources */,
				2607227D2AF9210600C8751E /* Tax_CalculatorUITests.swift in Sources */,
			);
			runOnlyForDeploymentPostprocessing = 0;
		};
/* End PBXSourcesBuildPhase section */

/* Begin PBXTargetDependency section */
		260722702AF9210600C8751E /* PBXTargetDependency */ = {
			isa = PBXTargetDependency;
			target = 2607225D2AF9210600C8751E /* Tax Calculator */;
			targetProxy = 2607226F2AF9210600C8751E /* PBXContainerItemProxy */;
		};
		2607227A2AF9210600C8751E /* PBXTargetDependency */ = {
			isa = PBXTargetDependency;
			target = 2607225D2AF9210600C8751E /* Tax Calculator */;
			targetProxy = 260722792AF9210600C8751E /* PBXContainerItemProxy */;
		};
/* End PBXTargetDependency section */

/* Begin XCBuildConfiguration section */
		260722802AF9210600C8751E /* Debug */ = {
			isa = XCBuildConfiguration;
			buildSettings = {
				ALWAYS_SEARCH_USER_PATHS = NO;
				ASSETCATALOG_COMPILER_GENERATE_SWIFT_ASSET_SYMBOL_EXTENSIONS = YES;
				CLANG_ANALYZER_NONNULL = YES;
				CLANG_ANALYZER_NUMBER_OBJECT_CONVERSION = YES_AGGRESSIVE;
				CLANG_CXX_LANGUAGE_STANDARD = "gnu++20";
				CLANG_ENABLE_MODULES = YES;
				CLANG_ENABLE_OBJC_ARC = YES;
				CLANG_ENABLE_OBJC_WEAK = YES;
				CLANG_WARN_BLOCK_CAPTURE_AUTORELEASING = YES;
				CLANG_WARN_BOOL_CONVERSION = YES;
				CLANG_WARN_COMMA = YES;
				CLANG_WARN_CONSTANT_CONVERSION = YES;
				CLANG_WARN_DEPRECATED_OBJC_IMPLEMENTATIONS = YES;
				CLANG_WARN_DIRECT_OBJC_ISA_USAGE = YES_ERROR;
				CLANG_WARN_DOCUMENTATION_COMMENTS = YES;
				CLANG_WARN_EMPTY_BODY = YES;
				CLANG_WARN_ENUM_CONVERSION = YES;
				CLANG_WARN_INFINITE_RECURSION = YES;
				CLANG_WARN_INT_CONVERSION = YES;
				CLANG_WARN_NON_LITERAL_NULL_CONVERSION = YES;
				CLANG_WARN_OBJC_IMPLICIT_RETAIN_SELF = YES;
				CLANG_WARN_OBJC_LITERAL_CONVERSION = YES;
				CLANG_WARN_OBJC_ROOT_CLASS = YES_ERROR;
				CLANG_WARN_QUOTED_INCLUDE_IN_FRAMEWORK_HEADER = YES;
				CLANG_WARN_RANGE_LOOP_ANALYSIS = YES;
				CLANG_WARN_STRICT_PROTOTYPES = YES;
				CLANG_WARN_SUSPICIOUS_MOVE = YES;
				CLANG_WARN_UNGUARDED_AVAILABILITY = YES_AGGRESSIVE;
				CLANG_WARN_UNREACHABLE_CODE = YES;
				CLANG_WARN__DUPLICATE_METHOD_MATCH = YES;
				COPY_PHASE_STRIP = NO;
				DEBUG_INFORMATION_FORMAT = dwarf;
				ENABLE_STRICT_OBJC_MSGSEND = YES;
				ENABLE_TESTABILITY = YES;
				ENABLE_USER_SCRIPT_SANDBOXING = YES;
				GCC_C_LANGUAGE_STANDARD = gnu17;
				GCC_DYNAMIC_NO_PIC = NO;
				GCC_NO_COMMON_BLOCKS = YES;
				GCC_OPTIMIZATION_LEVEL = 0;
				GCC_PREPROCESSOR_DEFINITIONS = (
					"DEBUG=1",
					"$(inherited)",
				);
				GCC_WARN_64_TO_32_BIT_CONVERSION = YES;
				GCC_WARN_ABOUT_RETURN_TYPE = YES_ERROR;
				GCC_WARN_UNDECLARED_SELECTOR = YES;
				GCC_WARN_UNINITIALIZED_AUTOS = YES_AGGRESSIVE;
				GCC_WARN_UNUSED_FUNCTION = YES;
				GCC_WARN_UNUSED_VARIABLE = YES;
				IPHONEOS_DEPLOYMENT_TARGET = 17.0;
				LOCALIZATION_PREFERS_STRING_CATALOGS = YES;
				MTL_ENABLE_DEBUG_INFO = INCLUDE_SOURCE;
				MTL_FAST_MATH = YES;
				ONLY_ACTIVE_ARCH = YES;
				SDKROOT = iphoneos;
				SWIFT_ACTIVE_COMPILATION_CONDITIONS = "DEBUG $(inherited)";
				SWIFT_OPTIMIZATION_LEVEL = "-Onone";
			};
			name = Debug;
		};
		260722812AF9210600C8751E /* Release */ = {
			isa = XCBuildConfiguration;
			buildSettings = {
				ALWAYS_SEARCH_USER_PATHS = NO;
				ASSETCATALOG_COMPILER_GENERATE_SWIFT_ASSET_SYMBOL_EXTENSIONS = YES;
				CLANG_ANALYZER_NONNULL = YES;
				CLANG_ANALYZER_NUMBER_OBJECT_CONVERSION = YES_AGGRESSIVE;
				CLANG_CXX_LANGUAGE_STANDARD = "gnu++20";
				CLANG_ENABLE_MODULES = YES;
				CLANG_ENABLE_OBJC_ARC = YES;
				CLANG_ENABLE_OBJC_WEAK = YES;
				CLANG_WARN_BLOCK_CAPTURE_AUTORELEASING = YES;
				CLANG_WARN_BOOL_CONVERSION = YES;
				CLANG_WARN_COMMA = YES;
				CLANG_WARN_CONSTANT_CONVERSION = YES;
				CLANG_WARN_DEPRECATED_OBJC_IMPLEMENTATIONS = YES;
				CLANG_WARN_DIRECT_OBJC_ISA_USAGE = YES_ERROR;
				CLANG_WARN_DOCUMENTATION_COMMENTS = YES;
				CLANG_WARN_EMPTY_BODY = YES;
				CLANG_WARN_ENUM_CONVERSION = YES;
				CLANG_WARN_INFINITE_RECURSION = YES;
				CLANG_WARN_INT_CONVERSION = YES;
				CLANG_WARN_NON_LITERAL_NULL_CONVERSION = YES;
				CLANG_WARN_OBJC_IMPLICIT_RETAIN_SELF = YES;
				CLANG_WARN_OBJC_LITERAL_CONVERSION = YES;
				CLANG_WARN_OBJC_ROOT_CLASS = YES_ERROR;
				CLANG_WARN_QUOTED_INCLUDE_IN_FRAMEWORK_HEADER = YES;
				CLANG_WARN_RANGE_LOOP_ANALYSIS = YES;
				CLANG_WARN_STRICT_PROTOTYPES = YES;
				CLANG_WARN_SUSPICIOUS_MOVE = YES;
				CLANG_WARN_UNGUARDED_AVAILABILITY = YES_AGGRESSIVE;
				CLANG_WARN_UNREACHABLE_CODE = YES;
				CLANG_WARN__DUPLICATE_METHOD_MATCH = YES;
				COPY_PHASE_STRIP = NO;
				DEBUG_INFORMATION_FORMAT = "dwarf-with-dsym";
				ENABLE_NS_ASSERTIONS = NO;
				ENABLE_STRICT_OBJC_MSGSEND = YES;
				ENABLE_USER_SCRIPT_SANDBOXING = YES;
				GCC_C_LANGUAGE_STANDARD = gnu17;
				GCC_NO_COMMON_BLOCKS = YES;
				GCC_WARN_64_TO_32_BIT_CONVERSION = YES;
				GCC_WARN_ABOUT_RETURN_TYPE = YES_ERROR;
				GCC_WARN_UNDECLARED_SELECTOR = YES;
				GCC_WARN_UNINITIALIZED_AUTOS = YES_AGGRESSIVE;
				GCC_WARN_UNUSED_FUNCTION = YES;
				GCC_WARN_UNUSED_VARIABLE = YES;
				IPHONEOS_DEPLOYMENT_TARGET = 17.0;
				LOCALIZATION_PREFERS_STRING_CATALOGS = YES;
				MTL_ENABLE_DEBUG_INFO = NO;
				MTL_FAST_MATH = YES;
				SDKROOT = iphoneos;
				SWIFT_COMPILATION_MODE = wholemodule;
				VALIDATE_PRODUCT = YES;
			};
			name = Release;
		};
		260722832AF9210600C8751E /* Debug */ = {
			isa = XCBuildConfiguration;
			buildSettings = {
				ASSETCATALOG_COMPILER_APPICON_NAME = AppIcon;
				ASSETCATALOG_COMPILER_GLOBAL_ACCENT_COLOR_NAME = AccentColor;
				CODE_SIGN_STYLE = Automatic;
				CURRENT_PROJECT_VERSION = 1;
				DEVELOPMENT_ASSET_PATHS = "\"Tax Calculator/Preview Content\"";
				DEVELOPMENT_TEAM = P92GSKWU9W;
				ENABLE_PREVIEWS = YES;
				GENERATE_INFOPLIST_FILE = YES;
				INFOPLIST_KEY_UIApplicationSceneManifest_Generation = YES;
				INFOPLIST_KEY_UIApplicationSupportsIndirectInputEvents = YES;
				INFOPLIST_KEY_UILaunchScreen_Generation = YES;
				INFOPLIST_KEY_UISupportedInterfaceOrientations_iPad = "UIInterfaceOrientationPortrait UIInterfaceOrientationPortraitUpsideDown UIInterfaceOrientationLandscapeLeft UIInterfaceOrientationLandscapeRight";
				INFOPLIST_KEY_UISupportedInterfaceOrientations_iPhone = "UIInterfaceOrientationPortrait UIInterfaceOrientationLandscapeLeft UIInterfaceOrientationLandscapeRight";
				LD_RUNPATH_SEARCH_PATHS = (
					"$(inherited)",
					"@executable_path/Frameworks",
				);
				MARKETING_VERSION = 1.0;
				PRODUCT_BUNDLE_IDENTIFIER = "Sarah.Tax-Calculator";
				PRODUCT_NAME = "$(TARGET_NAME)";
				SWIFT_EMIT_LOC_STRINGS = YES;
				SWIFT_VERSION = 5.0;
				TARGETED_DEVICE_FAMILY = "1,2";
			};
			name = Debug;
		};
		260722842AF9210600C8751E /* Release */ = {
			isa = XCBuildConfiguration;
			buildSettings = {
				ASSETCATALOG_COMPILER_APPICON_NAME = AppIcon;
				ASSETCATALOG_COMPILER_GLOBAL_ACCENT_COLOR_NAME = AccentColor;
				CODE_SIGN_STYLE = Automatic;
				CURRENT_PROJECT_VERSION = 1;
				DEVELOPMENT_ASSET_PATHS = "\"Tax Calculator/Preview Content\"";
				DEVELOPMENT_TEAM = P92GSKWU9W;
				ENABLE_PREVIEWS = YES;
				GENERATE_INFOPLIST_FILE = YES;
				INFOPLIST_KEY_UIApplicationSceneManifest_Generation = YES;
				INFOPLIST_KEY_UIApplicationSupportsIndirectInputEvents = YES;
				INFOPLIST_KEY_UILaunchScreen_Generation = YES;
				INFOPLIST_KEY_UISupportedInterfaceOrientations_iPad = "UIInterfaceOrientationPortrait UIInterfaceOrientationPortraitUpsideDown UIInterfaceOrientationLandscapeLeft UIInterfaceOrientationLandscapeRight";
				INFOPLIST_KEY_UISupportedInterfaceOrientations_iPhone = "UIInterfaceOrientationPortrait UIInterfaceOrientationLandscapeLeft UIInterfaceOrientationLandscapeRight";
				LD_RUNPATH_SEARCH_PATHS = (
					"$(inherited)",
					"@executable_path/Frameworks",
				);
				MARKETING_VERSION = 1.0;
				PRODUCT_BUNDLE_IDENTIFIER = "Sarah.Tax-Calculator";
				PRODUCT_NAME = "$(TARGET_NAME)";
				SWIFT_EMIT_LOC_STRINGS = YES;
				SWIFT_VERSION = 5.0;
				TARGETED_DEVICE_FAMILY = "1,2";
			};
			name = Release;
		};
		260722862AF9210600C8751E /* Debug */ = {
			isa = XCBuildConfiguration;
			buildSettings = {
				ALWAYS_EMBED_SWIFT_STANDARD_LIBRARIES = YES;
				BUNDLE_LOADER = "$(TEST_HOST)";
				CODE_SIGN_STYLE = Automatic;
				CURRENT_PROJECT_VERSION = 1;
				DEVELOPMENT_TEAM = P92GSKWU9W;
				GENERATE_INFOPLIST_FILE = YES;
				IPHONEOS_DEPLOYMENT_TARGET = 17.0;
				MARKETING_VERSION = 1.0;
				PRODUCT_BUNDLE_IDENTIFIER = "Sarah.Tax-CalculatorTests";
				PRODUCT_NAME = "$(TARGET_NAME)";
				SWIFT_EMIT_LOC_STRINGS = NO;
				SWIFT_VERSION = 5.0;
				TARGETED_DEVICE_FAMILY = "1,2";
				TEST_HOST = "$(BUILT_PRODUCTS_DIR)/Tax Calculator.app/$(BUNDLE_EXECUTABLE_FOLDER_PATH)/Tax Calculator";
			};
			name = Debug;
		};
		260722872AF9210600C8751E /* Release */ = {
			isa = XCBuildConfiguration;
			buildSettings = {
				ALWAYS_EMBED_SWIFT_STANDARD_LIBRARIES = YES;
				BUNDLE_LOADER = "$(TEST_HOST)";
				CODE_SIGN_STYLE = Automatic;
				CURRENT_PROJECT_VERSION = 1;
				DEVELOPMENT_TEAM = P92GSKWU9W;
				GENERATE_INFOPLIST_FILE = YES;
				IPHONEOS_DEPLOYMENT_TARGET = 17.0;
				MARKETING_VERSION = 1.0;
				PRODUCT_BUNDLE_IDENTIFIER = "Sarah.Tax-CalculatorTests";
				PRODUCT_NAME = "$(TARGET_NAME)";
				SWIFT_EMIT_LOC_STRINGS = NO;
				SWIFT_VERSION = 5.0;
				TARGETED_DEVICE_FAMILY = "1,2";
				TEST_HOST = "$(BUILT_PRODUCTS_DIR)/Tax Calculator.app/$(BUNDLE_EXECUTABLE_FOLDER_PATH)/Tax Calculator";
			};
			name = Release;
		};
		260722892AF9210600C8751E /* Debug */ = {
			isa = XCBuildConfiguration;
			buildSettings = {
				ALWAYS_EMBED_SWIFT_STANDARD_LIBRARIES = YES;
				CODE_SIGN_STYLE = Automatic;
				CURRENT_PROJECT_VERSION = 1;
				DEVELOPMENT_TEAM = P92GSKWU9W;
				GENERATE_INFOPLIST_FILE = YES;
				MARKETING_VERSION = 1.0;
				PRODUCT_BUNDLE_IDENTIFIER = "Sarah.Tax-CalculatorUITests";
				PRODUCT_NAME = "$(TARGET_NAME)";
				SWIFT_EMIT_LOC_STRINGS = NO;
				SWIFT_VERSION = 5.0;
				TARGETED_DEVICE_FAMILY = "1,2";
				TEST_TARGET_NAME = "Tax Calculator";
			};
			name = Debug;
		};
		2607228A2AF9210600C8751E /* Release */ = {
			isa = XCBuildConfiguration;
			buildSettings = {
				ALWAYS_EMBED_SWIFT_STANDARD_LIBRARIES = YES;
				CODE_SIGN_STYLE = Automatic;
				CURRENT_PROJECT_VERSION = 1;
				DEVELOPMENT_TEAM = P92GSKWU9W;
				GENERATE_INFOPLIST_FILE = YES;
				MARKETING_VERSION = 1.0;
				PRODUCT_BUNDLE_IDENTIFIER = "Sarah.Tax-CalculatorUITests";
				PRODUCT_NAME = "$(TARGET_NAME)";
				SWIFT_EMIT_LOC_STRINGS = NO;
				SWIFT_VERSION = 5.0;
				TARGETED_DEVICE_FAMILY = "1,2";
				TEST_TARGET_NAME = "Tax Calculator";
			};
			name = Release;
		};
/* End XCBuildConfiguration section */

/* Begin XCConfigurationList section */
		260722592AF9210600C8751E /* Build configuration list for PBXProject "Tax Calculator" */ = {
			isa = XCConfigurationList;
			buildConfigurations = (
				260722802AF9210600C8751E /* Debug */,
				260722812AF9210600C8751E /* Release */,
			);
			defaultConfigurationIsVisible = 0;
			defaultConfigurationName = Release;
		};
		260722822AF9210600C8751E /* Build configuration list for PBXNativeTarget "Tax Calculator" */ = {
			isa = XCConfigurationList;
			buildConfigurations = (
				260722832AF9210600C8751E /* Debug */,
				260722842AF9210600C8751E /* Release */,
			);
			defaultConfigurationIsVisible = 0;
			defaultConfigurationName = Release;
		};
		260722852AF9210600C8751E /* Build configuration list for PBXNativeTarget "Tax CalculatorTests" */ = {
			isa = XCConfigurationList;
			buildConfigurations = (
				260722862AF9210600C8751E /* Debug */,
				260722872AF9210600C8751E /* Release */,
			);
			defaultConfigurationIsVisible = 0;
			defaultConfigurationName = Release;
		};
		260722882AF9210600C8751E /* Build configuration list for PBXNativeTarget "Tax CalculatorUITests" */ = {
			isa = XCConfigurationList;
			buildConfigurations = (
				260722892AF9210600C8751E /* Debug */,
				2607228A2AF9210600C8751E /* Release */,
			);
			defaultConfigurationIsVisible = 0;
			defaultConfigurationName = Release;
		};
/* End XCConfigurationList section */
	};
	rootObject = 260722562AF9210600C8751E /* Project object */;
}
